
Microsoft Visual Studio Solution File, Format Version 12.00
# Visual Studio Version 16
VisualStudioVersion = 16.0.31613.86
MinimumVisualStudioVersion = 10.0.40219.1
Project("{FAE04EC0-301F-11D3-BF4B-00C04F79EFBC}") = "demoapp", "demoapp\demoapp.csproj", "{4EB20190-E411-4E08-AB8D-1B178302907A}"
EndProject
Global
	GlobalSection(SolutionConfigurationPlatforms) = preSolution
		Debug|Any CPU = Debug|Any CPU
		Release|Any CPU = Release|Any CPU
	EndGlobalSection
	GlobalSection(ProjectConfigurationPlatforms) = postSolution
		{4EB20190-E411-4E08-AB8D-1B178302907A}.Debug|Any CPU.ActiveCfg = Debug|Any CPU
		{4EB20190-E411-4E08-AB8D-1B178302907A}.Debug|Any CPU.Build.0 = Debug|Any CPU
		{4EB20190-E411-4E08-AB8D-1B178302907A}.Release|Any CPU.ActiveCfg = Release|Any CPU
		{4EB20190-E411-4E08-AB8D-1B178302907A}.Release|Any CPU.Build.0 = Release|Any CPU
	EndGlobalSection
	GlobalSection(SolutionProperties) = preSolution
		HideSolutionNode = FALSE
	EndGlobalSection
	GlobalSection(ExtensibilityGlobals) = postSolution
		SolutionGuid = {48879DC7-D1D8-46EC-8E4E-63A1C2D53DD7}
	EndGlobalSection
EndGlobal
